{
  "lockfile_version": "1",
  "packages": {
    "ansible@2.16": {
      "last_modified": "2024-08-14T11:41:26Z",
      "resolved": "github:NixOS/nixpkgs/0cb2fd7c59fed0cd82ef858cbcbdb552b9a33465#ansible",
      "source": "devbox-search",
      "version": "2.16.5",
      "systems": {
        "aarch64-darwin": {
          "outputs": [
            {
              "name": "out",
              "path": "/nix/store/02s5np60gwcxw0i5a0jg0cmrbr5pjzps-python3.12-ansible-core-2.16.5",
              "default": true
            },
            {
              "name": "dist",
              "path": "/nix/store/wxvb0wwna3g1j9bv8pygjvg720r15r4v-python3.12-ansible-core-2.16.5-dist"
            }
          ],
          "store_path": "/nix/store/02s5np60gwcxw0i5a0jg0cmrbr5pjzps-python3.12-ansible-core-2.16.5"
        },
        "aarch64-linux": {
          "outputs": [
            {
              "name": "out",
              "path": "/nix/store/w0lkcssbrjqsvvr4mhp6p4mlvdby53va-python3.12-ansible-core-2.16.5",
              "default": true
            },
            {
              "name": "dist",
              "path": "/nix/store/1bdw679708nmxrnkg75j4jqkczr2vbg4-python3.12-ansible-core-2.16.5-dist"
            }
          ],
          "store_path": "/nix/store/w0lkcssbrjqsvvr4mhp6p4mlvdby53va-python3.12-ansible-core-2.16.5"
        },
        "x86_64-darwin": {
          "outputs": [
            {
              "name": "out",
              "path": "/nix/store/jsywz4809lqb60cj9bh7d8rfkvwqzjrr-python3.12-ansible-core-2.16.5",
              "default": true
            },
            {
              "name": "dist",
              "path": "/nix/store/706ciyh5m4m343w8mkd2kfzjxgh34kaz-python3.12-ansible-core-2.16.5-dist"
            }
          ],
          "store_path": "/nix/store/jsywz4809lqb60cj9bh7d8rfkvwqzjrr-python3.12-ansible-core-2.16.5"
        },
        "x86_64-linux": {
          "outputs": [
            {
              "name": "out",
              "path": "/nix/store/a5k2lpbxj419kzn2pyz55gql35pbg8xx-python3.12-ansible-core-2.16.5",
              "default": true
            },
            {
              "name": "dist",
              "path": "/nix/store/n0rw7a0w51xsilmiwhv4n2cdp8ib1ncs-python3.12-ansible-core-2.16.5-dist"
            }
          ],
          "store_path": "/nix/store/a5k2lpbxj419kzn2pyz55gql35pbg8xx-python3.12-ansible-core-2.16.5"
        }
      }
    },
    "atuin@latest": {
      "last_modified": "2025-05-16T20:19:48Z",
      "resolved": "github:NixOS/nixpkgs/12a55407652e04dcf2309436eb06fef0d3713ef3#atuin",
      "source": "devbox-search",
      "version": "18.6.1",
      "systems": {
        "aarch64-darwin": {
          "outputs": [
            {
              "name": "out",
              "path": "/nix/store/dkxmsswa3w28gj60jnfyc6c98r51zkih-atuin-18.6.1",
              "default": true
            }
          ],
          "store_path": "/nix/store/dkxmsswa3w28gj60jnfyc6c98r51zkih-atuin-18.6.1"
        },
        "aarch64-linux": {
          "outputs": [
            {
              "name": "out",
              "path": "/nix/store/k30847q7j73dgd4gg20njfl0pv6f1x26-atuin-18.6.1",
              "default": true
            }
          ],
          "store_path": "/nix/store/k30847q7j73dgd4gg20njfl0pv6f1x26-atuin-18.6.1"
        },
        "x86_64-darwin": {
          "outputs": [
            {
              "name": "out",
              "path": "/nix/store/c96f6y4f7hfn87h8c3305jxmrcz3713f-atuin-18.6.1",
              "default": true
            }
          ],
          "store_path": "/nix/store/c96f6y4f7hfn87h8c3305jxmrcz3713f-atuin-18.6.1"
        },
        "x86_64-linux": {
          "outputs": [
            {
              "name": "out",
              "path": "/nix/store/qsa2qgx5bah8wj270gz27wdbi3z8qlg7-atuin-18.6.1",
              "default": true
            }
          ],
          "store_path": "/nix/store/qsa2qgx5bah8wj270gz27wdbi3z8qlg7-atuin-18.6.1"
        }
      }
    },
    "awscli@latest": {
      "last_modified": "2025-05-16T20:19:48Z",
      "resolved": "github:NixOS/nixpkgs/12a55407652e04dcf2309436eb06fef0d3713ef3#awscli",
      "source": "devbox-search",
      "version": "1.37.21",
      "systems": {
        "aarch64-darwin": {
          "outputs": [
            {
              "name": "out",
              "path": "/nix/store/kx0nyd82ar3ajzwbcdw56zzvbivh8phd-awscli-1.37.21",
              "default": true
            },
            {
              "name": "dist",
              "path": "/nix/store/0kiij3r29vams4xdly1j6ib989d6dg98-awscli-1.37.21-dist"
            }
          ],
          "store_path": "/nix/store/kx0nyd82ar3ajzwbcdw56zzvbivh8phd-awscli-1.37.21"
        },
        "aarch64-linux": {
          "outputs": [
            {
              "name": "out",
              "path": "/nix/store/smz9bm1zf8slhl5p94klwd5i9ps3azr8-awscli-1.37.21",
              "default": true
            },
            {
              "name": "dist",
              "path": "/nix/store/0pkrgfbvr96wp9c5n7arv3iampydwv91-awscli-1.37.21-dist"
            }
          ],
          "store_path": "/nix/store/smz9bm1zf8slhl5p94klwd5i9ps3azr8-awscli-1.37.21"
        },
        "x86_64-darwin": {
          "outputs": [
            {
              "name": "out",
              "path": "/nix/store/r5819yiy7kh0z3xzv2jz90v58ky5h0kh-awscli-1.37.21",
              "default": true
            },
            {
              "name": "dist",
              "path": "/nix/store/6knvfncqpmxx2yjcn2gswknqh63kq33d-awscli-1.37.21-dist"
            }
          ],
          "store_path": "/nix/store/r5819yiy7kh0z3xzv2jz90v58ky5h0kh-awscli-1.37.21"
        },
        "x86_64-linux": {
          "outputs": [
            {
              "name": "out",
              "path": "/nix/store/l4n82nf5mq4bfx8pjm10hn38xb22s3f8-awscli-1.37.21",
              "default": true
            },
            {
              "name": "dist",
              "path": "/nix/store/n9rbikvnh6c8byvd7xc07193rib9caw7-awscli-1.37.21-dist"
            }
          ],
          "store_path": "/nix/store/l4n82nf5mq4bfx8pjm10hn38xb22s3f8-awscli-1.37.21"
        }
      }
    },
    "bat@latest": {
      "last_modified": "2025-05-16T20:19:48Z",
      "resolved": "github:NixOS/nixpkgs/12a55407652e04dcf2309436eb06fef0d3713ef3#bat",
      "source": "devbox-search",
      "version": "0.25.0",
      "systems": {
        "aarch64-darwin": {
          "outputs": [
            {
              "name": "out",
              "path": "/nix/store/x46am005zdr73n188dqjvh8yak2rwnrd-bat-0.25.0",
              "default": true
            }
          ],
          "store_path": "/nix/store/x46am005zdr73n188dqjvh8yak2rwnrd-bat-0.25.0"
        },
        "aarch64-linux": {
          "outputs": [
            {
              "name": "out",
              "path": "/nix/store/zvbzq6s6k0gg5yp1lyphy7m4gqcfbd1s-bat-0.25.0",
              "default": true
            }
          ],
          "store_path": "/nix/store/zvbzq6s6k0gg5yp1lyphy7m4gqcfbd1s-bat-0.25.0"
        },
        "x86_64-darwin": {
          "outputs": [
            {
              "name": "out",
              "path": "/nix/store/rdacdh9zf9qv0fydwj15rpwl0q8zka5s-bat-0.25.0",
              "default": true
            }
          ],
          "store_path": "/nix/store/rdacdh9zf9qv0fydwj15rpwl0q8zka5s-bat-0.25.0"
        },
        "x86_64-linux": {
          "outputs": [
            {
              "name": "out",
              "path": "/nix/store/119y38i56azh5iflcwwwkws52h40y60d-bat-0.25.0",
              "default": true
            }
          ],
          "store_path": "/nix/store/119y38i56azh5iflcwwwkws52h40y60d-bat-0.25.0"
        }
      }
    },
    "btop@latest": {
      "last_modified": "2025-05-16T20:19:48Z",
      "resolved": "github:NixOS/nixpkgs/12a55407652e04dcf2309436eb06fef0d3713ef3#btop",
      "source": "devbox-search",
      "version": "1.4.3",
      "systems": {
        "aarch64-darwin": {
          "outputs": [
            {
              "name": "out",
              "path": "/nix/store/c4wn9jhbm0v183r0qq1jn1p92xl8qvgd-btop-1.4.3",
              "default": true
            }
          ],
          "store_path": "/nix/store/c4wn9jhbm0v183r0qq1jn1p92xl8qvgd-btop-1.4.3"
        },
        "aarch64-linux": {
          "outputs": [
            {
              "name": "out",
              "path": "/nix/store/i38mvl4q5ywphlq40zx754fid4nn9az2-btop-1.4.3",
              "default": true
            }
          ],
          "store_path": "/nix/store/i38mvl4q5ywphlq40zx754fid4nn9az2-btop-1.4.3"
        },
        "x86_64-darwin": {
          "outputs": [
            {
              "name": "out",
              "path": "/nix/store/5zlswl9arc4gkwyzjrv4535kj0mavx24-btop-1.4.3",
              "default": true
            }
          ],
          "store_path": "/nix/store/5zlswl9arc4gkwyzjrv4535kj0mavx24-btop-1.4.3"
        },
        "x86_64-linux": {
          "outputs": [
            {
              "name": "out",
              "path": "/nix/store/2h5716mnxvdq9pq9ahi5264q4vkgiqz4-btop-1.4.3",
              "default": true
            }
          ],
          "store_path": "/nix/store/2h5716mnxvdq9pq9ahi5264q4vkgiqz4-btop-1.4.3"
        }
      }
    },
    "eza@latest": {
      "last_modified": "2025-05-16T20:19:48Z",
      "resolved": "github:NixOS/nixpkgs/12a55407652e04dcf2309436eb06fef0d3713ef3#eza",
      "source": "devbox-search",
      "version": "0.21.3",
      "systems": {
        "aarch64-darwin": {
          "outputs": [
            {
              "name": "out",
              "path": "/nix/store/wnsjvjqhs6cm38mcg9vrqvv2rh4d3nsk-eza-0.21.3",
              "default": true
            },
            {
              "name": "man",
              "path": "/nix/store/jikj4s4c56c32hgvkvjv0kxyh7d6flrv-eza-0.21.3-man",
              "default": true
            }
          ],
          "store_path": "/nix/store/wnsjvjqhs6cm38mcg9vrqvv2rh4d3nsk-eza-0.21.3"
        },
        "aarch64-linux": {
          "outputs": [
            {
              "name": "out",
              "path": "/nix/store/s54xfg00f8cl2i961jmwf3zskvlmvzfw-eza-0.21.3",
              "default": true
            },
            {
              "name": "man",
              "path": "/nix/store/qks7r29hpbp0ph2k0hj1crsy2sbnpkb1-eza-0.21.3-man",
              "default": true
            }
          ],
          "store_path": "/nix/store/s54xfg00f8cl2i961jmwf3zskvlmvzfw-eza-0.21.3"
        },
        "x86_64-darwin": {
          "outputs": [
            {
              "name": "out",
              "path": "/nix/store/7q2ia12yci7z4xi02rf083d56q36hcqv-eza-0.21.3",
              "default": true
            },
            {
              "name": "man",
              "path": "/nix/store/gdbh02jzp8hc1l6wpkz1m330zlk6zpy2-eza-0.21.3-man",
              "default": true
            }
          ],
          "store_path": "/nix/store/7q2ia12yci7z4xi02rf083d56q36hcqv-eza-0.21.3"
        },
        "x86_64-linux": {
          "outputs": [
            {
              "name": "out",
              "path": "/nix/store/4gdy67ag66hng5riznf5555h15ck1rj4-eza-0.21.3",
              "default": true
            },
            {
              "name": "man",
              "path": "/nix/store/kgxsz23l12llq0mch1x9x0x163q0z5pi-eza-0.21.3-man",
              "default": true
            }
          ],
          "store_path": "/nix/store/4gdy67ag66hng5riznf5555h15ck1rj4-eza-0.21.3"
        }
      }
    },
    "fastfetch@latest": {
      "last_modified": "2025-05-19T23:16:24Z",
      "resolved": "github:NixOS/nixpkgs/359c442b7d1f6229c1dc978116d32d6c07fe8440#fastfetch",
      "source": "devbox-search",
      "version": "2.43.0",
      "systems": {
        "aarch64-darwin": {
          "outputs": [
            {
              "name": "out",
              "path": "/nix/store/v5iwv81jfxqwwmrrg5gmpksy3apdakq7-fastfetch-2.43.0",
              "default": true
            },
            {
              "name": "man",
              "path": "/nix/store/fr1hhy6rgf5xz96a27r335rb85xf6p6s-fastfetch-2.43.0-man",
              "default": true
            }
          ],
          "store_path": "/nix/store/v5iwv81jfxqwwmrrg5gmpksy3apdakq7-fastfetch-2.43.0"
        },
        "aarch64-linux": {
          "outputs": [
            {
              "name": "out",
              "path": "/nix/store/dkncygczlwx55w2s9x0vfipddxlnbzxx-fastfetch-2.43.0",
              "default": true
            },
            {
              "name": "man",
              "path": "/nix/store/kdcbc7gvn49sxflf4qv2cj7ga5pz80pq-fastfetch-2.43.0-man",
              "default": true
            }
          ],
          "store_path": "/nix/store/dkncygczlwx55w2s9x0vfipddxlnbzxx-fastfetch-2.43.0"
        },
        "x86_64-darwin": {
          "outputs": [
            {
              "name": "out",
              "path": "/nix/store/j4as7v66by73fkqagalkmqfqjgfrqik0-fastfetch-2.43.0",
              "default": true
            },
            {
              "name": "man",
              "path": "/nix/store/7n2hbzg3si5p0ip8yzxw06imh6i4nygk-fastfetch-2.43.0-man",
              "default": true
            }
          ],
          "store_path": "/nix/store/j4as7v66by73fkqagalkmqfqjgfrqik0-fastfetch-2.43.0"
        },
        "x86_64-linux": {
          "outputs": [
            {
              "name": "out",
              "path": "/nix/store/xc8afz8c0s8yn21l4p3arhavg67i5nfg-fastfetch-2.43.0",
              "default": true
            },
            {
              "name": "man",
              "path": "/nix/store/b5ry9zvy3zw67wzhv6i12bz4zahg7h33-fastfetch-2.43.0-man",
              "default": true
            }
          ],
          "store_path": "/nix/store/xc8afz8c0s8yn21l4p3arhavg67i5nfg-fastfetch-2.43.0"
        }
      }
    },
    "fd@latest": {
      "last_modified": "2025-05-16T20:19:48Z",
      "resolved": "github:NixOS/nixpkgs/12a55407652e04dcf2309436eb06fef0d3713ef3#fd",
      "source": "devbox-search",
      "version": "10.2.0",
      "systems": {
        "aarch64-darwin": {
          "outputs": [
            {
              "name": "out",
              "path": "/nix/store/wigamlnywkjdgqf9xb2079p27nhy32h6-fd-10.2.0",
              "default": true
            }
          ],
          "store_path": "/nix/store/wigamlnywkjdgqf9xb2079p27nhy32h6-fd-10.2.0"
        },
        "aarch64-linux": {
          "outputs": [
            {
              "name": "out",
              "path": "/nix/store/4rsnzd7xlp9gdyka0laq9jlh03iipwpk-fd-10.2.0",
              "default": true
            }
          ],
          "store_path": "/nix/store/4rsnzd7xlp9gdyka0laq9jlh03iipwpk-fd-10.2.0"
        },
        "x86_64-darwin": {
          "outputs": [
            {
              "name": "out",
              "path": "/nix/store/qbshl6szglzidqzzmcy5f2cia4lfnv9p-fd-10.2.0",
              "default": true
            }
          ],
          "store_path": "/nix/store/qbshl6szglzidqzzmcy5f2cia4lfnv9p-fd-10.2.0"
        },
        "x86_64-linux": {
          "outputs": [
            {
              "name": "out",
              "path": "/nix/store/3j75iyzm2fyh03m21ix5296h8hd06q8z-fd-10.2.0",
              "default": true
            }
          ],
          "store_path": "/nix/store/3j75iyzm2fyh03m21ix5296h8hd06q8z-fd-10.2.0"
        }
      }
    },
    "fzf@latest": {
      "last_modified": "2025-05-16T20:19:48Z",
      "resolved": "github:NixOS/nixpkgs/12a55407652e04dcf2309436eb06fef0d3713ef3#fzf",
      "source": "devbox-search",
      "version": "0.62.0",
      "systems": {
        "aarch64-darwin": {
          "outputs": [
            {
              "name": "out",
              "path": "/nix/store/1azm167z54vppj0mr2r5j9f8gzmi87ia-fzf-0.62.0",
              "default": true
            },
            {
              "name": "man",
              "path": "/nix/store/qa24maj0wdglp5yvnsfwmwmr0j4iywb0-fzf-0.62.0-man",
              "default": true
            }
          ],
          "store_path": "/nix/store/1azm167z54vppj0mr2r5j9f8gzmi87ia-fzf-0.62.0"
        },
        "aarch64-linux": {
          "outputs": [
            {
              "name": "out",
              "path": "/nix/store/sj7mhk1cjxk1b89hn0wrcw4z7h6adkry-fzf-0.62.0",
              "default": true
            },
            {
              "name": "man",
              "path": "/nix/store/ykzik02dfj68hqw1g1g8gp1jvlp9gwk8-fzf-0.62.0-man",
              "default": true
            }
          ],
          "store_path": "/nix/store/sj7mhk1cjxk1b89hn0wrcw4z7h6adkry-fzf-0.62.0"
        },
        "x86_64-darwin": {
          "outputs": [
            {
              "name": "out",
              "path": "/nix/store/vqcc11g0yvf6lrx6jx64cc70wgrhpxmh-fzf-0.62.0",
              "default": true
            },
            {
              "name": "man",
              "path": "/nix/store/1rmvr8m0zf88i8jdddagbn1hnf9akn6p-fzf-0.62.0-man",
              "default": true
            }
          ],
          "store_path": "/nix/store/vqcc11g0yvf6lrx6jx64cc70wgrhpxmh-fzf-0.62.0"
        },
        "x86_64-linux": {
          "outputs": [
            {
              "name": "out",
              "path": "/nix/store/z3ayhjslz72ldiwrv3mn5n7rs96p2g8a-fzf-0.62.0",
              "default": true
            },
            {
              "name": "man",
              "path": "/nix/store/g8vh5bhpih072h8x9nbgngglq8gizjwf-fzf-0.62.0-man",
              "default": true
            }
          ],
          "store_path": "/nix/store/z3ayhjslz72ldiwrv3mn5n7rs96p2g8a-fzf-0.62.0"
        }
      }
    },
    "gdu@latest": {
      "last_modified": "2025-05-16T20:19:48Z",
      "resolved": "github:NixOS/nixpkgs/12a55407652e04dcf2309436eb06fef0d3713ef3#gdu",
      "source": "devbox-search",
      "version": "5.30.1",
      "systems": {
        "aarch64-darwin": {
          "outputs": [
            {
              "name": "out",
              "path": "/nix/store/c17liw879ysswxiifxq6xx7fgvz597z7-gdu-5.30.1",
              "default": true
            }
          ],
          "store_path": "/nix/store/c17liw879ysswxiifxq6xx7fgvz597z7-gdu-5.30.1"
        },
        "aarch64-linux": {
          "outputs": [
            {
              "name": "out",
              "path": "/nix/store/i8d25kbrdp1cdyibs5vwr6ycsnzqd843-gdu-5.30.1",
              "default": true
            }
          ],
          "store_path": "/nix/store/i8d25kbrdp1cdyibs5vwr6ycsnzqd843-gdu-5.30.1"
        },
        "x86_64-darwin": {
          "outputs": [
            {
              "name": "out",
              "path": "/nix/store/8hzyq1izdic2fcz2dz8c3zhjc3lyfz3y-gdu-5.30.1",
              "default": true
            }
          ],
          "store_path": "/nix/store/8hzyq1izdic2fcz2dz8c3zhjc3lyfz3y-gdu-5.30.1"
        },
        "x86_64-linux": {
          "outputs": [
            {
              "name": "out",
              "path": "/nix/store/1hcnr9w94x15vfn5a62qdjl0kdfnnsnn-gdu-5.30.1",
              "default": true
            }
          ],
          "store_path": "/nix/store/1hcnr9w94x15vfn5a62qdjl0kdfnnsnn-gdu-5.30.1"
        }
      }
    },
    "github:NixOS/nixpkgs/nixpkgs-unstable": {
      "last_modified": "2025-05-17T07:32:44Z",
      "resolved": "github:NixOS/nixpkgs/3fcbdcfc707e0aa42c541b7743e05820472bdaec?lastModified=1747467164&narHash=sha256-JBXbjJ0t6T6BbVc9iPVquQI9XSXCGQJD8c8SgnUquus%3D"
    },
    "glxinfo@latest": {
      "last_modified": "2024-08-14T11:41:26Z",
      "resolved": "github:NixOS/nixpkgs/0cb2fd7c59fed0cd82ef858cbcbdb552b9a33465#glxinfo",
      "source": "devbox-search",
      "version": "8.4.0",
      "systems": {
        "aarch64-linux": {
          "outputs": [
            {
              "name": "out",
              "path": "/nix/store/6a41bblbc6hm0k1cldsgzm1n4smv093y-glxinfo-8.4.0",
              "default": true
            }
          ],
          "store_path": "/nix/store/6a41bblbc6hm0k1cldsgzm1n4smv093y-glxinfo-8.4.0"
        },
        "x86_64-linux": {
          "outputs": [
            {
              "name": "out",
              "path": "/nix/store/3r92vgy1mqriynnb2rgci1m3d5a0bpcf-glxinfo-8.4.0",
              "default": true
            }
          ],
          "store_path": "/nix/store/3r92vgy1mqriynnb2rgci1m3d5a0bpcf-glxinfo-8.4.0"
        }
      }
    },
    "lazygit@latest": {
      "last_modified": "2025-05-22T23:55:03Z",
      "resolved": "github:NixOS/nixpkgs/fe51d34885f7b5e3e7b59572796e1bcb427eccb1#lazygit",
      "source": "devbox-search",
      "version": "0.51.0",
      "systems": {
        "aarch64-darwin": {
          "outputs": [
            {
              "name": "out",
              "path": "/nix/store/ipnky0mcvf6q752v7wqr95qm9dphndbk-lazygit-0.51.0",
              "default": true
            }
          ],
          "store_path": "/nix/store/ipnky0mcvf6q752v7wqr95qm9dphndbk-lazygit-0.51.0"
        },
        "aarch64-linux": {
          "outputs": [
            {
              "name": "out",
              "path": "/nix/store/232zyn3p0c8mdp3kw9k81k0nxqzd9msr-lazygit-0.51.0",
              "default": true
            }
          ],
          "store_path": "/nix/store/232zyn3p0c8mdp3kw9k81k0nxqzd9msr-lazygit-0.51.0"
        },
        "x86_64-darwin": {
          "outputs": [
            {
              "name": "out",
              "path": "/nix/store/2fs5scvr1jv1yla4mndyxl2gxjcd2kqw-lazygit-0.51.0",
              "default": true
            }
          ],
          "store_path": "/nix/store/2fs5scvr1jv1yla4mndyxl2gxjcd2kqw-lazygit-0.51.0"
        },
        "x86_64-linux": {
          "outputs": [
            {
              "name": "out",
              "path": "/nix/store/gb9zpb26gkbba77gj8k4srbaw7667i2g-lazygit-0.51.0",
              "default": true
            }
          ],
          "store_path": "/nix/store/gb9zpb26gkbba77gj8k4srbaw7667i2g-lazygit-0.51.0"
        }
      }
    },
    "maple-mono-NF@latest": {
      "last_modified": "2025-03-11T17:52:14Z",
      "resolved": "github:NixOS/nixpkgs/0d534853a55b5d02a4ababa1d71921ce8f0aee4c#maple-mono-NF",
      "source": "devbox-search",
      "version": "6.4",
      "systems": {
        "aarch64-darwin": {
          "outputs": [
            {
              "name": "out",
              "path": "/nix/store/6fbdz36h435qz1k56jxdhilhbkg2b2yp-MapleMono-NF-6.4",
              "default": true
            }
          ],
          "store_path": "/nix/store/6fbdz36h435qz1k56jxdhilhbkg2b2yp-MapleMono-NF-6.4"
        },
        "aarch64-linux": {
          "outputs": [
            {
              "name": "out",
              "path": "/nix/store/lm4rnyjpmr1nzkr18lcxglli58w0g9j4-MapleMono-NF-6.4",
              "default": true
            }
          ],
          "store_path": "/nix/store/lm4rnyjpmr1nzkr18lcxglli58w0g9j4-MapleMono-NF-6.4"
        },
        "x86_64-darwin": {
          "outputs": [
            {
              "name": "out",
              "path": "/nix/store/q8gccy2zj3lcypx9im3b2j7098f6i057-MapleMono-NF-6.4",
              "default": true
            }
          ],
          "store_path": "/nix/store/q8gccy2zj3lcypx9im3b2j7098f6i057-MapleMono-NF-6.4"
        },
        "x86_64-linux": {
          "outputs": [
            {
              "name": "out",
              "path": "/nix/store/zsp819mbnk59v26bb2qfnr6mswb55pfr-MapleMono-NF-6.4",
              "default": true
            }
          ],
          "store_path": "/nix/store/zsp819mbnk59v26bb2qfnr6mswb55pfr-MapleMono-NF-6.4"
        }
      }
    },
    "opentofu@latest": {
      "last_modified": "2025-05-16T20:19:48Z",
      "resolved": "github:NixOS/nixpkgs/12a55407652e04dcf2309436eb06fef0d3713ef3#opentofu",
      "source": "devbox-search",
      "version": "1.9.1",
      "systems": {
        "aarch64-darwin": {
          "outputs": [
            {
              "name": "out",
              "path": "/nix/store/2di6dcym6r232fl7k3fx8k5jgs6hxa1w-opentofu-1.9.1",
              "default": true
            }
          ],
          "store_path": "/nix/store/2di6dcym6r232fl7k3fx8k5jgs6hxa1w-opentofu-1.9.1"
        },
        "aarch64-linux": {
          "outputs": [
            {
              "name": "out",
              "path": "/nix/store/jlrnqb9fv36qrsm6yvr4g2vidsv925xc-opentofu-1.9.1",
              "default": true
            }
          ],
          "store_path": "/nix/store/jlrnqb9fv36qrsm6yvr4g2vidsv925xc-opentofu-1.9.1"
        },
        "x86_64-darwin": {
          "outputs": [
            {
              "name": "out",
              "path": "/nix/store/z26ps20bykay9w5xrdzbml97w0akf1zx-opentofu-1.9.1",
              "default": true
            }
          ],
          "store_path": "/nix/store/z26ps20bykay9w5xrdzbml97w0akf1zx-opentofu-1.9.1"
        },
        "x86_64-linux": {
          "outputs": [
            {
              "name": "out",
              "path": "/nix/store/5azlfblak86zzjsn1fagw8lksb3sz7n0-opentofu-1.9.1",
              "default": true
            }
          ],
          "store_path": "/nix/store/5azlfblak86zzjsn1fagw8lksb3sz7n0-opentofu-1.9.1"
        }
      }
    },
    "ripgrep@latest": {
      "last_modified": "2025-05-16T20:19:48Z",
      "resolved": "github:NixOS/nixpkgs/12a55407652e04dcf2309436eb06fef0d3713ef3#ripgrep",
      "source": "devbox-search",
      "version": "14.1.1",
      "systems": {
        "aarch64-darwin": {
          "outputs": [
            {
              "name": "out",
              "path": "/nix/store/7sm130rzasd97g50bclmbdvn0s6fdprs-ripgrep-14.1.1",
              "default": true
            }
          ],
          "store_path": "/nix/store/7sm130rzasd97g50bclmbdvn0s6fdprs-ripgrep-14.1.1"
        },
        "aarch64-linux": {
          "outputs": [
            {
              "name": "out",
              "path": "/nix/store/qlxihgr9kihx2irnf2y3y4ra0m7v5dvd-ripgrep-14.1.1",
              "default": true
            }
          ],
          "store_path": "/nix/store/qlxihgr9kihx2irnf2y3y4ra0m7v5dvd-ripgrep-14.1.1"
        },
        "x86_64-darwin": {
          "outputs": [
            {
              "name": "out",
              "path": "/nix/store/y4z3ny6dlkak2n00ycnmaywf71pfvsk6-ripgrep-14.1.1",
              "default": true
            }
          ],
          "store_path": "/nix/store/y4z3ny6dlkak2n00ycnmaywf71pfvsk6-ripgrep-14.1.1"
        },
        "x86_64-linux": {
          "outputs": [
            {
              "name": "out",
              "path": "/nix/store/b9a4bfrb23fv03ysmqwybqcsc7iw97jf-ripgrep-14.1.1",
              "default": true
            }
          ],
          "store_path": "/nix/store/b9a4bfrb23fv03ysmqwybqcsc7iw97jf-ripgrep-14.1.1"
        }
      }
    },
    "starship@latest": {
      "last_modified": "2025-05-16T20:19:48Z",
      "resolved": "github:NixOS/nixpkgs/12a55407652e04dcf2309436eb06fef0d3713ef3#starship",
      "source": "devbox-search",
      "version": "1.23.0",
      "systems": {
        "aarch64-darwin": {
          "outputs": [
            {
              "name": "out",
              "path": "/nix/store/pn12pmvwsyb69pnmjhllbcwdwnyqj33v-starship-1.23.0",
              "default": true
            }
          ],
          "store_path": "/nix/store/pn12pmvwsyb69pnmjhllbcwdwnyqj33v-starship-1.23.0"
        },
        "aarch64-linux": {
          "outputs": [
            {
              "name": "out",
              "path": "/nix/store/n4bsryvr64disxw6ib05sw8cd5i0h71a-starship-1.23.0",
              "default": true
            }
          ],
          "store_path": "/nix/store/n4bsryvr64disxw6ib05sw8cd5i0h71a-starship-1.23.0"
        },
        "x86_64-darwin": {
          "outputs": [
            {
              "name": "out",
              "path": "/nix/store/vzacxwrq9j68qcf577xhyr76vcpdm6jk-starship-1.23.0",
              "default": true
            }
          ],
          "store_path": "/nix/store/vzacxwrq9j68qcf577xhyr76vcpdm6jk-starship-1.23.0"
        },
        "x86_64-linux": {
          "outputs": [
            {
              "name": "out",
              "path": "/nix/store/sa6y5dghbdj04i4dwz7lxglfk1iafdci-starship-1.23.0",
              "default": true
            }
          ],
          "store_path": "/nix/store/sa6y5dghbdj04i4dwz7lxglfk1iafdci-starship-1.23.0"
        }
      }
    },
    "watchexec@latest": {
      "last_modified": "2025-05-16T20:19:48Z",
      "resolved": "github:NixOS/nixpkgs/12a55407652e04dcf2309436eb06fef0d3713ef3#watchexec",
      "source": "devbox-search",
      "version": "2.3.1",
      "systems": {
        "aarch64-darwin": {
          "outputs": [
            {
              "name": "out",
              "path": "/nix/store/jnym7b7mkqp954axgpr5nq1lgs0pqjak-watchexec-2.3.1",
              "default": true
            }
          ],
          "store_path": "/nix/store/jnym7b7mkqp954axgpr5nq1lgs0pqjak-watchexec-2.3.1"
        },
        "aarch64-linux": {
          "outputs": [
            {
              "name": "out",
              "path": "/nix/store/y7qxvpimc2yb9iv7mxfnw68yzrnbsjff-watchexec-2.3.1",
              "default": true
            }
          ],
          "store_path": "/nix/store/y7qxvpimc2yb9iv7mxfnw68yzrnbsjff-watchexec-2.3.1"
        },
        "x86_64-darwin": {
          "outputs": [
            {
              "name": "out",
              "path": "/nix/store/y7ijz67ibp25zs108slscdlaqgqg02fc-watchexec-2.3.1",
              "default": true
            }
          ],
          "store_path": "/nix/store/y7ijz67ibp25zs108slscdlaqgqg02fc-watchexec-2.3.1"
        },
        "x86_64-linux": {
          "outputs": [
            {
              "name": "out",
              "path": "/nix/store/mf5w61chzs3s4nhgsqpnq1kfhnmv8wx8-watchexec-2.3.1",
              "default": true
            }
          ],
          "store_path": "/nix/store/mf5w61chzs3s4nhgsqpnq1kfhnmv8wx8-watchexec-2.3.1"
        }
      }
    },
    "zoxide@latest": {
      "last_modified": "2025-05-16T20:19:48Z",
      "resolved": "github:NixOS/nixpkgs/12a55407652e04dcf2309436eb06fef0d3713ef3#zoxide",
      "source": "devbox-search",
      "version": "0.9.7",
      "systems": {
        "aarch64-darwin": {
          "outputs": [
            {
              "name": "out",
              "path": "/nix/store/jv18aslvkghnwypgi58hi7sx4p35cc6d-zoxide-0.9.7",
              "default": true
            }
          ],
          "store_path": "/nix/store/jv18aslvkghnwypgi58hi7sx4p35cc6d-zoxide-0.9.7"
        },
        "aarch64-linux": {
          "outputs": [
            {
              "name": "out",
              "path": "/nix/store/jazmfxq7gh05fsv6nlv955lbswpy7r0n-zoxide-0.9.7",
              "default": true
            }
          ],
          "store_path": "/nix/store/jazmfxq7gh05fsv6nlv955lbswpy7r0n-zoxide-0.9.7"
        },
        "x86_64-darwin": {
          "outputs": [
            {
              "name": "out",
              "path": "/nix/store/w5wbb3aidxdq2h2qd84icr3yqrmy2bg0-zoxide-0.9.7",
              "default": true
            }
          ],
          "store_path": "/nix/store/w5wbb3aidxdq2h2qd84icr3yqrmy2bg0-zoxide-0.9.7"
        },
        "x86_64-linux": {
          "outputs": [
            {
              "name": "out",
              "path": "/nix/store/9f7y6h4yij2x0x6v35a7yjm5qyvvrjjs-zoxide-0.9.7",
              "default": true
            }
          ],
          "store_path": "/nix/store/9f7y6h4yij2x0x6v35a7yjm5qyvvrjjs-zoxide-0.9.7"
        }
      }
    },
    "zq@latest": {
      "last_modified": "2023-02-24T09:01:09Z",
      "resolved": "github:NixOS/nixpkgs/7d0ed7f2e5aea07ab22ccb338d27fbe347ed2f11#zq",
      "source": "devbox-search",
      "version": "1.5.0"
    }
  }
}
